
Microsoft Visual Studio Solution File, Format Version 12.00
# Visual Studio Version 17
VisualStudioVersion = 17.3.32929.385
MinimumVisualStudioVersion = 10.0.40219.1
Project("{FAE04EC0-301F-11D3-BF4B-00C04F79EFBC}") = "IntoTheUnknown", "IntoTheUnknown\IntoTheUnknown.csproj", "{C78B4C3D-8321-46C7-A88B-9C0058924C7B}"
EndProject
Project("{FAE04EC0-301F-11D3-BF4B-00C04F79EFBC}") = "DangerousWoods", "DangerousWoods\DangerousWoods.csproj", "{DDB4DDDE-44BC-4B71-B47B-F666F74D0F9F}"
EndProject
Project("{FAE04EC0-301F-11D3-BF4B-00C04F79EFBC}") = "ChangeYourColor", "ChangeYourColor\ChangeYourColor.csproj", "{0DF37978-3268-4B3A-A252-5FAE76D748C7}"
EndProject
Global
	GlobalSection(SolutionConfigurationPlatforms) = preSolution
		Debug|Any CPU = Debug|Any CPU
		Release|Any CPU = Release|Any CPU
	EndGlobalSection
	GlobalSection(ProjectConfigurationPlatforms) = postSolution
		{C78B4C3D-8321-46C7-A88B-9C0058924C7B}.Debug|Any CPU.ActiveCfg = Debug|Any CPU
		{C78B4C3D-8321-46C7-A88B-9C0058924C7B}.Debug|Any CPU.Build.0 = Debug|Any CPU
		{C78B4C3D-8321-46C7-A88B-9C0058924C7B}.Release|Any CPU.ActiveCfg = Release|Any CPU
		{C78B4C3D-8321-46C7-A88B-9C0058924C7B}.Release|Any CPU.Build.0 = Release|Any CPU
		{DDB4DDDE-44BC-4B71-B47B-F666F74D0F9F}.Debug|Any CPU.ActiveCfg = Debug|Any CPU
		{DDB4DDDE-44BC-4B71-B47B-F666F74D0F9F}.Debug|Any CPU.Build.0 = Debug|Any CPU
		{DDB4DDDE-44BC-4B71-B47B-F666F74D0F9F}.Release|Any CPU.ActiveCfg = Release|Any CPU
		{DDB4DDDE-44BC-4B71-B47B-F666F74D0F9F}.Release|Any CPU.Build.0 = Release|Any CPU
		{0DF37978-3268-4B3A-A252-5FAE76D748C7}.Debug|Any CPU.ActiveCfg = Debug|Any CPU
		{0DF37978-3268-4B3A-A252-5FAE76D748C7}.Debug|Any CPU.Build.0 = Debug|Any CPU
		{0DF37978-3268-4B3A-A252-5FAE76D748C7}.Release|Any CPU.ActiveCfg = Release|Any CPU
		{0DF37978-3268-4B3A-A252-5FAE76D748C7}.Release|Any CPU.Build.0 = Release|Any CPU
	EndGlobalSection
	GlobalSection(SolutionProperties) = preSolution
		HideSolutionNode = FALSE
	EndGlobalSection
	GlobalSection(ExtensibilityGlobals) = postSolution
		SolutionGuid = {E84DBA12-B3AF-4D9D-B7A7-030E6EBA7746}
	EndGlobalSection
EndGlobal
